
Microsoft Visual Studio Solution File, Format Version 12.00
# Visual Studio 15
VisualStudioVersion = 15.0.27130.0
MinimumVisualStudioVersion = 10.0.40219.1
Project("{FAE04EC0-301F-11D3-BF4B-00C04F79EFBC}") = "JHReport", "JHReport\JHReport.csproj", "{D17B7A36-513B-45D2-BDE2-F17ED4E1408A}"
EndProject
Global
	GlobalSection(SolutionConfigurationPlatforms) = preSolution
		Debug|Any CPU = Debug|Any CPU
		Release|Any CPU = Release|Any CPU
	EndGlobalSection
	GlobalSection(ProjectConfigurationPlatforms) = postSolution
		{D17B7A36-513B-45D2-BDE2-F17ED4E1408A}.Debug|Any CPU.ActiveCfg = Debug|Any CPU
		{D17B7A36-513B-45D2-BDE2-F17ED4E1408A}.Debug|Any CPU.Build.0 = Debug|Any CPU
		{D17B7A36-513B-45D2-BDE2-F17ED4E1408A}.Release|Any CPU.ActiveCfg = Release|Any CPU
		{D17B7A36-513B-45D2-BDE2-F17ED4E1408A}.Release|Any CPU.Build.0 = Release|Any CPU
	EndGlobalSection
	GlobalSection(SolutionProperties) = preSolution
		HideSolutionNode = FALSE
	EndGlobalSection
	GlobalSection(ExtensibilityGlobals) = postSolution
		SolutionGuid = {3670D801-D504-4BAC-BEFB-200320508E47}
	EndGlobalSection
EndGlobal
